
Microsoft Visual Studio Solution File, Format Version 12.00
# Visual Studio Express 2012 for Windows Desktop
Project("{FAE04EC0-301F-11D3-BF4B-00C04F79EFBC}") = "SAMP_Launcher", "SAMP_Launcher\SAMP_Launcher.csproj", "{093A6774-0BD5-4FF6-9132-F614DA44128C}"
EndProject
Global
	GlobalSection(SolutionConfigurationPlatforms) = preSolution
		Debug|Any CPU = Debug|Any CPU
		Release|Any CPU = Release|Any CPU
	EndGlobalSection
	GlobalSection(ProjectConfigurationPlatforms) = postSolution
		{093A6774-0BD5-4FF6-9132-F614DA44128C}.Debug|Any CPU.ActiveCfg = Debug|Any CPU
		{093A6774-0BD5-4FF6-9132-F614DA44128C}.Debug|Any CPU.Build.0 = Debug|Any CPU
		{093A6774-0BD5-4FF6-9132-F614DA44128C}.Release|Any CPU.ActiveCfg = Release|Any CPU
		{093A6774-0BD5-4FF6-9132-F614DA44128C}.Release|Any CPU.Build.0 = Release|Any CPU
	EndGlobalSection
	GlobalSection(SolutionProperties) = preSolution
		HideSolutionNode = FALSE
	EndGlobalSection
EndGlobal
